
Microsoft Visual Studio Solution File, Format Version 12.00
# Visual Studio Version 17
VisualStudioVersion = 17.9.34723.18
MinimumVisualStudioVersion = 10.0.40219.1
Project("{9A19103F-16F7-4668-BE54-9A1E7A4F7556}") = "CrisoftApp", "CrisoftApp\CrisoftApp.csproj", "{BF1DA441-7350-4430-A14E-8A3F236E778F}"
EndProject
Global
	GlobalSection(SolutionConfigurationPlatforms) = preSolution
		Debug|Any CPU = Debug|Any CPU
		Release|Any CPU = Release|Any CPU
	EndGlobalSection
	GlobalSection(ProjectConfigurationPlatforms) = postSolution
		{BF1DA441-7350-4430-A14E-8A3F236E778F}.Debug|Any CPU.ActiveCfg = Debug|Any CPU
		{BF1DA441-7350-4430-A14E-8A3F236E778F}.Debug|Any CPU.Build.0 = Debug|Any CPU
		{BF1DA441-7350-4430-A14E-8A3F236E778F}.Debug|Any CPU.Deploy.0 = Debug|Any CPU
		{BF1DA441-7350-4430-A14E-8A3F236E778F}.Release|Any CPU.ActiveCfg = Release|Any CPU
		{BF1DA441-7350-4430-A14E-8A3F236E778F}.Release|Any CPU.Build.0 = Release|Any CPU
		{BF1DA441-7350-4430-A14E-8A3F236E778F}.Release|Any CPU.Deploy.0 = Release|Any CPU
	EndGlobalSection
	GlobalSection(SolutionProperties) = preSolution
		HideSolutionNode = FALSE
	EndGlobalSection
	GlobalSection(ExtensibilityGlobals) = postSolution
		SolutionGuid = {EB5F4BDD-063F-459F-9AEC-B351832810C6}
	EndGlobalSection
EndGlobal
